{
  "name": "cm-daterangepicker",
  "version": "3.0.16",
  "lockfileVersion": 1,
  "requires": true,
  "dependencies": {
    "inputmask": {
      "version": "5.0.3",
      "resolved": "https://registry.npmjs.org/inputmask/-/inputmask-5.0.3.tgz",
      "integrity": "sha512-v1l5IoJK6NE8TapI2g6n/y1/ksMwyVLkkaIS6VPTkdvpgEITLzDtSi7n9Jpp471hL2DdJlae9HpMnFmTpf5VXA=="
    },
    "jquery": {
      "version": "3.4.1",
      "resolved": "https://registry.npmjs.org/jquery/-/jquery-3.4.1.tgz",
      "integrity": "sha512-36+AdBzCL+y6qjw5Tx7HgzeGCzC81MDDgaUP8ld2zhx58HdqXGoBd+tHdrBMiyjGQs0Hxs/MLZTu/eHNJJuWPw=="
    },
    "moment": {
      "version": "2.24.0",
      "resolved": "https://registry.npmjs.org/moment/-/moment-2.24.0.tgz",
      "integrity": "sha512-bV7f+6l2QigeBBZSM/6yTNq4P2fNpSWj/0e7jQcy87A8e7o2nAfP/34/2ky5Vw4B9S446EtIhodAzkFCcR4dQg=="
    }
  }
}
