# THIS IS AN AUTOGENERATED FILE. DO NOT EDIT THIS FILE DIRECTLY.
# yarn lockfile v1


inputmask@^5.0.3:
  version "5.0.3"
  resolved "https://registry.yarnpkg.com/inputmask/-/inputmask-5.0.3.tgz#f6758de84b7a67c3c246f520c5f3e2c383b3fd68"
  integrity sha512-v1l5IoJK6NE8TapI2g6n/y1/ksMwyVLkkaIS6VPTkdvpgEITLzDtSi7n9Jpp471hL2DdJlae9HpMnFmTpf5VXA==

jquery@>=1.10:
  version "3.4.1"
  resolved "https://registry.yarnpkg.com/jquery/-/jquery-3.4.1.tgz#714f1f8d9dde4bdfa55764ba37ef214630d80ef2"
  integrity sha512-36+AdBzCL+y6qjw5Tx7HgzeGCzC81MDDgaUP8ld2zhx58HdqXGoBd+tHdrBMiyjGQs0Hxs/MLZTu/eHNJJuWPw==

moment@^2.9.0:
  version "2.24.0"
  resolved "https://registry.yarnpkg.com/moment/-/moment-2.24.0.tgz#0d055d53f5052aa653c9f6eb68bb5d12bf5c2b5b"
  integrity sha512-bV7f+6l2QigeBBZSM/6yTNq4P2fNpSWj/0e7jQcy87A8e7o2nAfP/34/2ky5Vw4B9S446EtIhodAzkFCcR4dQg==
