# THIS IS AN AUTOGENERATED FILE. DO NOT EDIT THIS FILE DIRECTLY.
# yarn lockfile v1


inputmask@5.0.3:
  version "5.0.3"
  resolved "https://registry.yarnpkg.com/inputmask/-/inputmask-5.0.3.tgz#f6758de84b7a67c3c246f520c5f3e2c383b3fd68"
  integrity sha512-v1l5IoJK6NE8TapI2g6n/y1/ksMwyVLkkaIS6VPTkdvpgEITLzDtSi7n9Jpp471hL2DdJlae9HpMnFmTpf5VXA==
